
Microsoft Visual Studio Solution File, Format Version 12.00
# Visual Studio Version 16
VisualStudioVersion = 16.0.29613.14
MinimumVisualStudioVersion = 10.0.40219.1
Project("{FAE04EC0-301F-11D3-BF4B-00C04F79EFBC}") = "HandsOnVariableWithDataTypes", "HandsOnVariableWithDataTypes.csproj", "{589178A0-1359-4B24-BB39-341FEB6B7388}"
EndProject
Global
	GlobalSection(SolutionConfigurationPlatforms) = preSolution
		Debug|Any CPU = Debug|Any CPU
		Release|Any CPU = Release|Any CPU
	EndGlobalSection
	GlobalSection(ProjectConfigurationPlatforms) = postSolution
		{589178A0-1359-4B24-BB39-341FEB6B7388}.Debug|Any CPU.ActiveCfg = Debug|Any CPU
		{589178A0-1359-4B24-BB39-341FEB6B7388}.Debug|Any CPU.Build.0 = Debug|Any CPU
		{589178A0-1359-4B24-BB39-341FEB6B7388}.Release|Any CPU.ActiveCfg = Release|Any CPU
		{589178A0-1359-4B24-BB39-341FEB6B7388}.Release|Any CPU.Build.0 = Release|Any CPU
	EndGlobalSection
	GlobalSection(SolutionProperties) = preSolution
		HideSolutionNode = FALSE
	EndGlobalSection
	GlobalSection(ExtensibilityGlobals) = postSolution
		SolutionGuid = {23E1A01D-2354-4EAC-9CFD-8E3F68B2EB95}
	EndGlobalSection
EndGlobal
