
Microsoft Visual Studio Solution File, Format Version 12.00
# Visual Studio Version 16
VisualStudioVersion = 16.0.29613.14
MinimumVisualStudioVersion = 10.0.40219.1
Project("{FAE04EC0-301F-11D3-BF4B-00C04F79EFBC}") = "Project1", "Project1\Project1.csproj", "{F17F4E03-C0FC-4D82-B47B-5A9EE34C78A2}"
EndProject
Global
	GlobalSection(SolutionConfigurationPlatforms) = preSolution
		Debug|Any CPU = Debug|Any CPU
		Release|Any CPU = Release|Any CPU
	EndGlobalSection
	GlobalSection(ProjectConfigurationPlatforms) = postSolution
		{F17F4E03-C0FC-4D82-B47B-5A9EE34C78A2}.Debug|Any CPU.ActiveCfg = Debug|Any CPU
		{F17F4E03-C0FC-4D82-B47B-5A9EE34C78A2}.Debug|Any CPU.Build.0 = Debug|Any CPU
		{F17F4E03-C0FC-4D82-B47B-5A9EE34C78A2}.Release|Any CPU.ActiveCfg = Release|Any CPU
		{F17F4E03-C0FC-4D82-B47B-5A9EE34C78A2}.Release|Any CPU.Build.0 = Release|Any CPU
	EndGlobalSection
	GlobalSection(SolutionProperties) = preSolution
		HideSolutionNode = FALSE
	EndGlobalSection
	GlobalSection(ExtensibilityGlobals) = postSolution
		SolutionGuid = {8570866A-EA52-4783-9F3E-4A87CE920173}
	EndGlobalSection
EndGlobal
