
Microsoft Visual Studio Solution File, Format Version 12.00
# Visual Studio Version 16
VisualStudioVersion = 16.0.29613.14
MinimumVisualStudioVersion = 10.0.40219.1
Project("{FAE04EC0-301F-11D3-BF4B-00C04F79EFBC}") = "ConsoleAppProject", "ConsoleAppProject.csproj", "{CC9A364F-0C77-4FCE-BE9B-20EB80587F2B}"
EndProject
Global
	GlobalSection(SolutionConfigurationPlatforms) = preSolution
		Debug|Any CPU = Debug|Any CPU
		Release|Any CPU = Release|Any CPU
	EndGlobalSection
	GlobalSection(ProjectConfigurationPlatforms) = postSolution
		{CC9A364F-0C77-4FCE-BE9B-20EB80587F2B}.Debug|Any CPU.ActiveCfg = Debug|Any CPU
		{CC9A364F-0C77-4FCE-BE9B-20EB80587F2B}.Debug|Any CPU.Build.0 = Debug|Any CPU
		{CC9A364F-0C77-4FCE-BE9B-20EB80587F2B}.Release|Any CPU.ActiveCfg = Release|Any CPU
		{CC9A364F-0C77-4FCE-BE9B-20EB80587F2B}.Release|Any CPU.Build.0 = Release|Any CPU
	EndGlobalSection
	GlobalSection(SolutionProperties) = preSolution
		HideSolutionNode = FALSE
	EndGlobalSection
	GlobalSection(ExtensibilityGlobals) = postSolution
		SolutionGuid = {E3B317EB-7DF9-4649-87FE-3F61D4D5EB3F}
	EndGlobalSection
EndGlobal
