
Microsoft Visual Studio Solution File, Format Version 12.00
# Visual Studio Version 16
VisualStudioVersion = 16.0.29613.14
MinimumVisualStudioVersion = 10.0.40219.1
Project("{FAE04EC0-301F-11D3-BF4B-00C04F79EFBC}") = "ExampleOverloading", "ExampleOverloading.csproj", "{650252F6-C85B-4105-8A8F-E2696051AACE}"
EndProject
Global
	GlobalSection(SolutionConfigurationPlatforms) = preSolution
		Debug|Any CPU = Debug|Any CPU
		Release|Any CPU = Release|Any CPU
	EndGlobalSection
	GlobalSection(ProjectConfigurationPlatforms) = postSolution
		{650252F6-C85B-4105-8A8F-E2696051AACE}.Debug|Any CPU.ActiveCfg = Debug|Any CPU
		{650252F6-C85B-4105-8A8F-E2696051AACE}.Debug|Any CPU.Build.0 = Debug|Any CPU
		{650252F6-C85B-4105-8A8F-E2696051AACE}.Release|Any CPU.ActiveCfg = Release|Any CPU
		{650252F6-C85B-4105-8A8F-E2696051AACE}.Release|Any CPU.Build.0 = Release|Any CPU
	EndGlobalSection
	GlobalSection(SolutionProperties) = preSolution
		HideSolutionNode = FALSE
	EndGlobalSection
	GlobalSection(ExtensibilityGlobals) = postSolution
		SolutionGuid = {1C4155D8-A50D-4373-AFAB-9C15465FE68D}
	EndGlobalSection
EndGlobal
