
Microsoft Visual Studio Solution File, Format Version 12.00
# Visual Studio Version 16
VisualStudioVersion = 16.0.29613.14
MinimumVisualStudioVersion = 10.0.40219.1
Project("{FAE04EC0-301F-11D3-BF4B-00C04F79EFBC}") = "HandsOnArray1", "HandsOnArray1.csproj", "{F6139742-7485-458D-925B-35094D3270B5}"
EndProject
Global
	GlobalSection(SolutionConfigurationPlatforms) = preSolution
		Debug|Any CPU = Debug|Any CPU
		Release|Any CPU = Release|Any CPU
	EndGlobalSection
	GlobalSection(ProjectConfigurationPlatforms) = postSolution
		{F6139742-7485-458D-925B-35094D3270B5}.Debug|Any CPU.ActiveCfg = Debug|Any CPU
		{F6139742-7485-458D-925B-35094D3270B5}.Debug|Any CPU.Build.0 = Debug|Any CPU
		{F6139742-7485-458D-925B-35094D3270B5}.Release|Any CPU.ActiveCfg = Release|Any CPU
		{F6139742-7485-458D-925B-35094D3270B5}.Release|Any CPU.Build.0 = Release|Any CPU
	EndGlobalSection
	GlobalSection(SolutionProperties) = preSolution
		HideSolutionNode = FALSE
	EndGlobalSection
	GlobalSection(ExtensibilityGlobals) = postSolution
		SolutionGuid = {4D6361FD-2902-4209-928F-9EEABDF1A43F}
	EndGlobalSection
EndGlobal
