
Microsoft Visual Studio Solution File, Format Version 12.00
# Visual Studio Version 16
VisualStudioVersion = 16.0.29613.14
MinimumVisualStudioVersion = 10.0.40219.1
Project("{FAE04EC0-301F-11D3-BF4B-00C04F79EFBC}") = "WebApplication3", "WebApplication3.csproj", "{42D09103-BED8-44C4-A9E0-F5D3325FE9DD}"
EndProject
Global
	GlobalSection(SolutionConfigurationPlatforms) = preSolution
		Debug|Any CPU = Debug|Any CPU
		Release|Any CPU = Release|Any CPU
	EndGlobalSection
	GlobalSection(ProjectConfigurationPlatforms) = postSolution
		{42D09103-BED8-44C4-A9E0-F5D3325FE9DD}.Debug|Any CPU.ActiveCfg = Debug|Any CPU
		{42D09103-BED8-44C4-A9E0-F5D3325FE9DD}.Debug|Any CPU.Build.0 = Debug|Any CPU
		{42D09103-BED8-44C4-A9E0-F5D3325FE9DD}.Release|Any CPU.ActiveCfg = Release|Any CPU
		{42D09103-BED8-44C4-A9E0-F5D3325FE9DD}.Release|Any CPU.Build.0 = Release|Any CPU
	EndGlobalSection
	GlobalSection(SolutionProperties) = preSolution
		HideSolutionNode = FALSE
	EndGlobalSection
	GlobalSection(ExtensibilityGlobals) = postSolution
		SolutionGuid = {68CB492A-E6B0-4BF8-81A0-AF8D858D889F}
	EndGlobalSection
EndGlobal
