
Microsoft Visual Studio Solution File, Format Version 12.00
# Visual Studio Version 16
VisualStudioVersion = 16.0.29613.14
MinimumVisualStudioVersion = 10.0.40219.1
Project("{FAE04EC0-301F-11D3-BF4B-00C04F79EFBC}") = "WebApplication7", "WebApplication7.csproj", "{DA65F789-AF1E-41B4-B753-8DE7D7AEE41B}"
EndProject
Global
	GlobalSection(SolutionConfigurationPlatforms) = preSolution
		Debug|Any CPU = Debug|Any CPU
		Release|Any CPU = Release|Any CPU
	EndGlobalSection
	GlobalSection(ProjectConfigurationPlatforms) = postSolution
		{DA65F789-AF1E-41B4-B753-8DE7D7AEE41B}.Debug|Any CPU.ActiveCfg = Debug|Any CPU
		{DA65F789-AF1E-41B4-B753-8DE7D7AEE41B}.Debug|Any CPU.Build.0 = Debug|Any CPU
		{DA65F789-AF1E-41B4-B753-8DE7D7AEE41B}.Release|Any CPU.ActiveCfg = Release|Any CPU
		{DA65F789-AF1E-41B4-B753-8DE7D7AEE41B}.Release|Any CPU.Build.0 = Release|Any CPU
	EndGlobalSection
	GlobalSection(SolutionProperties) = preSolution
		HideSolutionNode = FALSE
	EndGlobalSection
	GlobalSection(ExtensibilityGlobals) = postSolution
		SolutionGuid = {9534FAED-2576-4629-B8F4-218E36A56F86}
	EndGlobalSection
EndGlobal
