
Microsoft Visual Studio Solution File, Format Version 12.00
# Visual Studio Version 16
VisualStudioVersion = 16.0.29613.14
MinimumVisualStudioVersion = 10.0.40219.1
Project("{FAE04EC0-301F-11D3-BF4B-00C04F79EFBC}") = "HandsOnArray", "HandsOnArray.csproj", "{EB5872FB-0FAA-4D1A-810B-05A052A014F8}"
EndProject
Global
	GlobalSection(SolutionConfigurationPlatforms) = preSolution
		Debug|Any CPU = Debug|Any CPU
		Release|Any CPU = Release|Any CPU
	EndGlobalSection
	GlobalSection(ProjectConfigurationPlatforms) = postSolution
		{EB5872FB-0FAA-4D1A-810B-05A052A014F8}.Debug|Any CPU.ActiveCfg = Debug|Any CPU
		{EB5872FB-0FAA-4D1A-810B-05A052A014F8}.Debug|Any CPU.Build.0 = Debug|Any CPU
		{EB5872FB-0FAA-4D1A-810B-05A052A014F8}.Release|Any CPU.ActiveCfg = Release|Any CPU
		{EB5872FB-0FAA-4D1A-810B-05A052A014F8}.Release|Any CPU.Build.0 = Release|Any CPU
	EndGlobalSection
	GlobalSection(SolutionProperties) = preSolution
		HideSolutionNode = FALSE
	EndGlobalSection
	GlobalSection(ExtensibilityGlobals) = postSolution
		SolutionGuid = {08C89FE4-AC5B-4497-B0FD-A91C10D91A45}
	EndGlobalSection
EndGlobal
